
Microsoft Visual Studio Solution File, Format Version 12.00
# Visual Studio Version 16
VisualStudioVersion = 16.0.29215.179
MinimumVisualStudioVersion = 10.0.40219.1
Project("{FAE04EC0-301F-11D3-BF4B-00C04F79EFBC}") = "ElevenNote.WebMVC", "ElevenNote.WebMVC\ElevenNote.WebMVC.csproj", "{6866CD5D-0BDD-41A5-B7BA-37FD45ED6E65}"
EndProject
Global
	GlobalSection(SolutionConfigurationPlatforms) = preSolution
		Debug|Any CPU = Debug|Any CPU
		Release|Any CPU = Release|Any CPU
	EndGlobalSection
	GlobalSection(ProjectConfigurationPlatforms) = postSolution
		{6866CD5D-0BDD-41A5-B7BA-37FD45ED6E65}.Debug|Any CPU.ActiveCfg = Debug|Any CPU
		{6866CD5D-0BDD-41A5-B7BA-37FD45ED6E65}.Debug|Any CPU.Build.0 = Debug|Any CPU
		{6866CD5D-0BDD-41A5-B7BA-37FD45ED6E65}.Release|Any CPU.ActiveCfg = Release|Any CPU
		{6866CD5D-0BDD-41A5-B7BA-37FD45ED6E65}.Release|Any CPU.Build.0 = Release|Any CPU
	EndGlobalSection
	GlobalSection(SolutionProperties) = preSolution
		HideSolutionNode = FALSE
	EndGlobalSection
	GlobalSection(ExtensibilityGlobals) = postSolution
		SolutionGuid = {7D411448-2B12-4B2F-91C4-ECF5FBEA5D29}
	EndGlobalSection
EndGlobal
